
Microsoft Visual Studio Solution File, Format Version 12.00
# Visual Studio 2012
Project("{FAE04EC0-301F-11D3-BF4B-00C04F79EFBC}") = "AdminPOS", "AdminPOS\AdminPOS.csproj", "{E7ECE716-3699-4AE7-BE5E-3EECF6739FDA}"
EndProject
Project("{FAE04EC0-301F-11D3-BF4B-00C04F79EFBC}") = "IMSTech", "IMSTech\IMSTech.csproj", "{250E944F-0B87-4D27-83C7-E2DEAAA00058}"
EndProject
Global
	GlobalSection(SolutionConfigurationPlatforms) = preSolution
		Debug|Any CPU = Debug|Any CPU
		Release|Any CPU = Release|Any CPU
	EndGlobalSection
	GlobalSection(ProjectConfigurationPlatforms) = postSolution
		{E7ECE716-3699-4AE7-BE5E-3EECF6739FDA}.Debug|Any CPU.ActiveCfg = Debug|Any CPU
		{E7ECE716-3699-4AE7-BE5E-3EECF6739FDA}.Debug|Any CPU.Build.0 = Debug|Any CPU
		{E7ECE716-3699-4AE7-BE5E-3EECF6739FDA}.Release|Any CPU.ActiveCfg = Release|Any CPU
		{E7ECE716-3699-4AE7-BE5E-3EECF6739FDA}.Release|Any CPU.Build.0 = Release|Any CPU
		{250E944F-0B87-4D27-83C7-E2DEAAA00058}.Debug|Any CPU.ActiveCfg = Debug|Any CPU
		{250E944F-0B87-4D27-83C7-E2DEAAA00058}.Debug|Any CPU.Build.0 = Debug|Any CPU
		{250E944F-0B87-4D27-83C7-E2DEAAA00058}.Release|Any CPU.ActiveCfg = Release|Any CPU
		{250E944F-0B87-4D27-83C7-E2DEAAA00058}.Release|Any CPU.Build.0 = Release|Any CPU
	EndGlobalSection
	GlobalSection(SolutionProperties) = preSolution
		HideSolutionNode = FALSE
	EndGlobalSection
EndGlobal
